
Microsoft Visual Studio Solution File, Format Version 12.00
# Visual Studio Version 16
VisualStudioVersion = 16.0.30503.244
MinimumVisualStudioVersion = 10.0.40219.1
Project("{FAE04EC0-301F-11D3-BF4B-00C04F79EFBC}") = "ThisTimeLearn.WebApp", "ThisTimeLearn.WebApp\ThisTimeLearn.WebApp.csproj", "{702BB5FF-FFDC-46CB-A6B4-8A08B41BFFC9}"
EndProject
Global
	GlobalSection(SolutionConfigurationPlatforms) = preSolution
		Debug|Any CPU = Debug|Any CPU
		Release|Any CPU = Release|Any CPU
	EndGlobalSection
	GlobalSection(ProjectConfigurationPlatforms) = postSolution
		{702BB5FF-FFDC-46CB-A6B4-8A08B41BFFC9}.Debug|Any CPU.ActiveCfg = Debug|Any CPU
		{702BB5FF-FFDC-46CB-A6B4-8A08B41BFFC9}.Debug|Any CPU.Build.0 = Debug|Any CPU
		{702BB5FF-FFDC-46CB-A6B4-8A08B41BFFC9}.Release|Any CPU.ActiveCfg = Release|Any CPU
		{702BB5FF-FFDC-46CB-A6B4-8A08B41BFFC9}.Release|Any CPU.Build.0 = Release|Any CPU
	EndGlobalSection
	GlobalSection(SolutionProperties) = preSolution
		HideSolutionNode = FALSE
	EndGlobalSection
	GlobalSection(ExtensibilityGlobals) = postSolution
		SolutionGuid = {B4B8C521-9E31-4276-B59D-436CC25AC2B0}
	EndGlobalSection
EndGlobal
